{
  "requires": true,
  "lockfileVersion": 1,
  "dependencies": {
    "vue-sidebar-menu": {
      "version": "5.1.2",
      "resolved": "https://registry.npmjs.org/vue-sidebar-menu/-/vue-sidebar-menu-5.1.2.tgz",
      "integrity": "sha512-7W67HZWLrvwlosXHeEXFfH1qw+OHzw0MfRfuLG/Ym1NoxwCqqC4gzfT7/YS2uOZTQvqgV4UDntpD6ybPtQWEAg=="
    }
  }
}
